{
  "name": "eslint-faster",
  "version": "1.0.0",
  "lockfileVersion": 1,
  "requires": true,
  "dependencies": {
    "commander": {
      "version": "2.15.1",
      "resolved": "http://registry.npm.taobao.org/commander/download/commander-2.15.1.tgz",
      "integrity": "sha1-30boZ9D8Kuxmo0ZitAapzK//Ww8="
    },
    "debug": {
      "version": "3.1.0",
      "resolved": "http://registry.npm.taobao.org/debug/download/debug-3.1.0.tgz",
      "integrity": "sha1-W7WgZyYotkFJVmuhaBnmFRjGcmE=",
      "requires": {
        "ms": "2.0.0"
      }
    },
    "eslint-config-airbnb": {
      "version": "16.1.0",
      "resolved": "http://registry.npm.taobao.org/eslint-config-airbnb/download/eslint-config-airbnb-16.1.0.tgz",
      "integrity": "sha1-JUa/sCzJ/pIoS/FyPM8uh7xFykY=",
      "requires": {
        "eslint-config-airbnb-base": "12.1.0"
      }
    },
    "eslint-config-airbnb-base": {
      "version": "12.1.0",
      "resolved": "http://registry.npm.taobao.org/eslint-config-airbnb-base/download/eslint-config-airbnb-base-12.1.0.tgz",
      "integrity": "sha1-OGRB5UoSzNlXsKklZKS6/r10eUQ=",
      "requires": {
        "eslint-restricted-globals": "0.1.1"
      }
    },
    "eslint-restricted-globals": {
      "version": "0.1.1",
      "resolved": "http://registry.npm.taobao.org/eslint-restricted-globals/download/eslint-restricted-globals-0.1.1.tgz",
      "integrity": "sha1-NfDVy8ZMLj7WLpO0saevBbp+1Nc="
    },
    "ms": {
      "version": "2.0.0",
      "resolved": "http://registry.npm.taobao.org/ms/download/ms-2.0.0.tgz",
      "integrity": "sha1-VgiurfwAvmwpAd9fmGF4jeDVl8g="
    },
    "simple-git": {
      "version": "1.92.0",
      "resolved": "http://registry.npm.taobao.org/simple-git/download/simple-git-1.92.0.tgz",
      "integrity": "sha1-YGFGjrfRnwFBB4/HQuYkV+kQ9Uc=",
      "requires": {
        "debug": "3.1.0"
      }
    }
  }
}
